
Microsoft Visual Studio Solution File, Format Version 12.00
# Visual Studio Version 16
VisualStudioVersion = 16.0.31702.278
MinimumVisualStudioVersion = 10.0.40219.1
Project("{FAE04EC0-301F-11D3-BF4B-00C04F79EFBC}") = "Server Manager", "Server Manager\Server Manager.csproj", "{31C26D21-A025-45A9-9799-2E7838C86AFC}"
EndProject
Project("{FAE04EC0-301F-11D3-BF4B-00C04F79EFBC}") = "HashFile", "HashFile\HashFile.csproj", "{3FC4ED59-77F6-471D-87A8-9DCEF9244568}"
EndProject
Global
	GlobalSection(SolutionConfigurationPlatforms) = preSolution
		Debug|Any CPU = Debug|Any CPU
		Release|Any CPU = Release|Any CPU
	EndGlobalSection
	GlobalSection(ProjectConfigurationPlatforms) = postSolution
		{31C26D21-A025-45A9-9799-2E7838C86AFC}.Debug|Any CPU.ActiveCfg = Debug|Any CPU
		{31C26D21-A025-45A9-9799-2E7838C86AFC}.Debug|Any CPU.Build.0 = Debug|Any CPU
		{31C26D21-A025-45A9-9799-2E7838C86AFC}.Release|Any CPU.ActiveCfg = Release|Any CPU
		{31C26D21-A025-45A9-9799-2E7838C86AFC}.Release|Any CPU.Build.0 = Release|Any CPU
		{3FC4ED59-77F6-471D-87A8-9DCEF9244568}.Debug|Any CPU.ActiveCfg = Debug|Any CPU
		{3FC4ED59-77F6-471D-87A8-9DCEF9244568}.Debug|Any CPU.Build.0 = Debug|Any CPU
		{3FC4ED59-77F6-471D-87A8-9DCEF9244568}.Release|Any CPU.ActiveCfg = Release|Any CPU
		{3FC4ED59-77F6-471D-87A8-9DCEF9244568}.Release|Any CPU.Build.0 = Release|Any CPU
	EndGlobalSection
	GlobalSection(SolutionProperties) = preSolution
		HideSolutionNode = FALSE
	EndGlobalSection
	GlobalSection(ExtensibilityGlobals) = postSolution
		SolutionGuid = {1492D395-BF68-4C4F-A834-97ED6E7E1C3F}
	EndGlobalSection
EndGlobal
